
Microsoft Visual Studio Solution File, Format Version 12.00
Project("{FAE04EC0-301F-11D3-BF4B-00C04F79EFBC}") = "byt_compiler", "byt_compiler\byt_compiler.csproj", "{5050BA12-253E-496E-BC58-8468908F1A68}"
EndProject
Global
	GlobalSection(SolutionConfigurationPlatforms) = preSolution
		Debug|Any CPU = Debug|Any CPU
		Release|Any CPU = Release|Any CPU
	EndGlobalSection
	GlobalSection(ProjectConfigurationPlatforms) = postSolution
		{5050BA12-253E-496E-BC58-8468908F1A68}.Debug|Any CPU.ActiveCfg = Debug|Any CPU
		{5050BA12-253E-496E-BC58-8468908F1A68}.Debug|Any CPU.Build.0 = Debug|Any CPU
		{5050BA12-253E-496E-BC58-8468908F1A68}.Release|Any CPU.ActiveCfg = Release|Any CPU
		{5050BA12-253E-496E-BC58-8468908F1A68}.Release|Any CPU.Build.0 = Release|Any CPU
	EndGlobalSection
EndGlobal
